
Microsoft Visual Studio Solution File, Format Version 12.00
# Visual Studio 14
VisualStudioVersion = 14.0.25420.1
MinimumVisualStudioVersion = 10.0.40219.1
Project("{FAE04EC0-301F-11D3-BF4B-00C04F79EFBC}") = "DeltaRhoPortal", "DeltaRhoPortal\DeltaRhoPortal.csproj", "{7F92028A-ACBF-4582-B51E-C5C425FD2EEA}"
EndProject
Project("{FAE04EC0-301F-11D3-BF4B-00C04F79EFBC}") = "DeltaRhoPortal.Tests", "DeltaRhoPortal.Tests\DeltaRhoPortal.Tests.csproj", "{81AFDCB6-8886-4B3C-8962-587F8A1E4216}"
EndProject
Global
	GlobalSection(SolutionConfigurationPlatforms) = preSolution
		Debug|Any CPU = Debug|Any CPU
		Release|Any CPU = Release|Any CPU
	EndGlobalSection
	GlobalSection(ProjectConfigurationPlatforms) = postSolution
		{7F92028A-ACBF-4582-B51E-C5C425FD2EEA}.Debug|Any CPU.ActiveCfg = Debug|Any CPU
		{7F92028A-ACBF-4582-B51E-C5C425FD2EEA}.Debug|Any CPU.Build.0 = Debug|Any CPU
		{7F92028A-ACBF-4582-B51E-C5C425FD2EEA}.Release|Any CPU.ActiveCfg = Release|Any CPU
		{7F92028A-ACBF-4582-B51E-C5C425FD2EEA}.Release|Any CPU.Build.0 = Release|Any CPU
		{81AFDCB6-8886-4B3C-8962-587F8A1E4216}.Debug|Any CPU.ActiveCfg = Debug|Any CPU
		{81AFDCB6-8886-4B3C-8962-587F8A1E4216}.Debug|Any CPU.Build.0 = Debug|Any CPU
		{81AFDCB6-8886-4B3C-8962-587F8A1E4216}.Release|Any CPU.ActiveCfg = Release|Any CPU
		{81AFDCB6-8886-4B3C-8962-587F8A1E4216}.Release|Any CPU.Build.0 = Release|Any CPU
	EndGlobalSection
	GlobalSection(SolutionProperties) = preSolution
		HideSolutionNode = FALSE
	EndGlobalSection
EndGlobal
